
Microsoft Visual Studio Solution File, Format Version 12.00
# Visual Studio Version 16
VisualStudioVersion = 16.0.29411.108
MinimumVisualStudioVersion = 10.0.40219.1
Project("{FAE04EC0-301F-11D3-BF4B-00C04F79EFBC}") = "Attribute", "Attribute.csproj", "{74DFF277-CDC8-4395-A522-ABFED117488D}"
EndProject
Global
	GlobalSection(SolutionConfigurationPlatforms) = preSolution
		Debug|Any CPU = Debug|Any CPU
		Release|Any CPU = Release|Any CPU
	EndGlobalSection
	GlobalSection(ProjectConfigurationPlatforms) = postSolution
		{74DFF277-CDC8-4395-A522-ABFED117488D}.Debug|Any CPU.ActiveCfg = Debug|Any CPU
		{74DFF277-CDC8-4395-A522-ABFED117488D}.Debug|Any CPU.Build.0 = Debug|Any CPU
		{74DFF277-CDC8-4395-A522-ABFED117488D}.Release|Any CPU.ActiveCfg = Release|Any CPU
		{74DFF277-CDC8-4395-A522-ABFED117488D}.Release|Any CPU.Build.0 = Release|Any CPU
	EndGlobalSection
	GlobalSection(SolutionProperties) = preSolution
		HideSolutionNode = FALSE
	EndGlobalSection
	GlobalSection(ExtensibilityGlobals) = postSolution
		SolutionGuid = {DC6F8924-001C-44AD-9A7C-56C427270829}
	EndGlobalSection
EndGlobal
